
Microsoft Visual Studio Solution File, Format Version 12.00
# Visual Studio Version 17
VisualStudioVersion = 17.2.32526.322
MinimumVisualStudioVersion = 10.0.40219.1
Project("{FAE04EC0-301F-11D3-BF4B-00C04F79EFBC}") = "HR-ManagementProject", "HumanResources\HR-ManagementProject.csproj", "{04BD8831-38D9-462A-AAB6-D21A49B4AE21}"
EndProject
Project("{FAE04EC0-301F-11D3-BF4B-00C04F79EFBC}") = "HumanResources.DAL", "HumanResources.DAL\HumanResources.DAL.csproj", "{87D86671-BAF5-4411-9312-1B56975747C2}"
EndProject
Project("{FAE04EC0-301F-11D3-BF4B-00C04F79EFBC}") = "HumanResources.CORE", "HumanResources.CORE\HumanResources.CORE.csproj", "{A166C6CF-5885-40A8-9AEC-D7537B7D3641}"
EndProject
Project("{FAE04EC0-301F-11D3-BF4B-00C04F79EFBC}") = "HumanResources.BLL", "HumanResources.BLL\HumanResources.BLL.csproj", "{572CA55F-ACF7-4128-BD26-8660227D5766}"
EndProject
Global
	GlobalSection(SolutionConfigurationPlatforms) = preSolution
		Debug|Any CPU = Debug|Any CPU
		Release|Any CPU = Release|Any CPU
	EndGlobalSection
	GlobalSection(ProjectConfigurationPlatforms) = postSolution
		{04BD8831-38D9-462A-AAB6-D21A49B4AE21}.Debug|Any CPU.ActiveCfg = Debug|Any CPU
		{04BD8831-38D9-462A-AAB6-D21A49B4AE21}.Debug|Any CPU.Build.0 = Debug|Any CPU
		{04BD8831-38D9-462A-AAB6-D21A49B4AE21}.Release|Any CPU.ActiveCfg = Release|Any CPU
		{04BD8831-38D9-462A-AAB6-D21A49B4AE21}.Release|Any CPU.Build.0 = Release|Any CPU
		{87D86671-BAF5-4411-9312-1B56975747C2}.Debug|Any CPU.ActiveCfg = Debug|Any CPU
		{87D86671-BAF5-4411-9312-1B56975747C2}.Debug|Any CPU.Build.0 = Debug|Any CPU
		{87D86671-BAF5-4411-9312-1B56975747C2}.Release|Any CPU.ActiveCfg = Release|Any CPU
		{87D86671-BAF5-4411-9312-1B56975747C2}.Release|Any CPU.Build.0 = Release|Any CPU
		{A166C6CF-5885-40A8-9AEC-D7537B7D3641}.Debug|Any CPU.ActiveCfg = Debug|Any CPU
		{A166C6CF-5885-40A8-9AEC-D7537B7D3641}.Debug|Any CPU.Build.0 = Debug|Any CPU
		{A166C6CF-5885-40A8-9AEC-D7537B7D3641}.Release|Any CPU.ActiveCfg = Release|Any CPU
		{A166C6CF-5885-40A8-9AEC-D7537B7D3641}.Release|Any CPU.Build.0 = Release|Any CPU
		{572CA55F-ACF7-4128-BD26-8660227D5766}.Debug|Any CPU.ActiveCfg = Debug|Any CPU
		{572CA55F-ACF7-4128-BD26-8660227D5766}.Debug|Any CPU.Build.0 = Debug|Any CPU
		{572CA55F-ACF7-4128-BD26-8660227D5766}.Release|Any CPU.ActiveCfg = Release|Any CPU
		{572CA55F-ACF7-4128-BD26-8660227D5766}.Release|Any CPU.Build.0 = Release|Any CPU
	EndGlobalSection
	GlobalSection(SolutionProperties) = preSolution
		HideSolutionNode = FALSE
	EndGlobalSection
	GlobalSection(ExtensibilityGlobals) = postSolution
		SolutionGuid = {898141CE-A12A-4322-B213-567D823A489A}
	EndGlobalSection
EndGlobal
